{
  "name": "grammar-validation",
  "version": "1.0.0",
  "lockfileVersion": 3,
  "requires": true,
  "packages": {
    "": {
      "name": "grammar-validation",
      "version": "1.0.0",
      "dependencies": {
        "ebnf": "^1.9.1",
        "ebnf-parser": "^0.1.10"
      }
    },
    "node_modules/ebnf": {
      "version": "1.9.1",
      "resolved": "https://registry.npmjs.org/ebnf/-/ebnf-1.9.1.tgz",
      "integrity": "sha512-uW2UKSsuty9ANJ3YByIQE4ANkD8nqUPO7r6Fwcc1ADKPe9FRdcPpMl3VEput4JSvKBJ4J86npIC2MLP0pYkCuw==",
      "license": "MIT",
      "bin": {
        "ebnf": "dist/bin.js"
      }
    },
    "node_modules/ebnf-parser": {
      "version": "0.1.10",
      "resolved": "https://registry.npmjs.org/ebnf-parser/-/ebnf-parser-0.1.10.tgz",
      "integrity": "sha512-urvSxVQ6XJcoTpc+/x2pWhhuOX4aljCNQpwzw+ifZvV1andZkAmiJc3Rq1oGEAQmcjiLceyMXOy1l8ms8qs2fQ==",
      "license": "MIT"
    }
  }
}
